
Microsoft Visual Studio Solution File, Format Version 12.00
# Visual Studio Version 16
VisualStudioVersion = 16.0.32002.261
MinimumVisualStudioVersion = 10.0.40219.1
Project("{FAE04EC0-301F-11D3-BF4B-00C04F79EFBC}") = "MP Basic App Github", "MP Basic App Github\MP Basic App Github.csproj", "{FF245319-8BB0-4CE5-898C-BC2710275B4A}"
EndProject
Global
	GlobalSection(SolutionConfigurationPlatforms) = preSolution
		Debug|Any CPU = Debug|Any CPU
		Release|Any CPU = Release|Any CPU
	EndGlobalSection
	GlobalSection(ProjectConfigurationPlatforms) = postSolution
		{FF245319-8BB0-4CE5-898C-BC2710275B4A}.Debug|Any CPU.ActiveCfg = Debug|Any CPU
		{FF245319-8BB0-4CE5-898C-BC2710275B4A}.Debug|Any CPU.Build.0 = Debug|Any CPU
		{FF245319-8BB0-4CE5-898C-BC2710275B4A}.Release|Any CPU.ActiveCfg = Release|Any CPU
		{FF245319-8BB0-4CE5-898C-BC2710275B4A}.Release|Any CPU.Build.0 = Release|Any CPU
	EndGlobalSection
	GlobalSection(SolutionProperties) = preSolution
		HideSolutionNode = FALSE
	EndGlobalSection
	GlobalSection(ExtensibilityGlobals) = postSolution
		SolutionGuid = {089B0104-9750-4851-B351-FEB36EBDA9E1}
	EndGlobalSection
EndGlobal
